
Microsoft Visual Studio Solution File, Format Version 12.00
# Visual Studio 15
VisualStudioVersion = 15.0.28010.2036
MinimumVisualStudioVersion = 10.0.40219.1
Project("{FAE04EC0-301F-11D3-BF4B-00C04F79EFBC}") = "Intro", "Intro\Intro.csproj", "{6FEA4E88-3E02-4743-82C0-8C31D43DF77C}"
EndProject
Global
	GlobalSection(SolutionConfigurationPlatforms) = preSolution
		Debug|Any CPU = Debug|Any CPU
		Release|Any CPU = Release|Any CPU
	EndGlobalSection
	GlobalSection(ProjectConfigurationPlatforms) = postSolution
		{6FEA4E88-3E02-4743-82C0-8C31D43DF77C}.Debug|Any CPU.ActiveCfg = Debug|Any CPU
		{6FEA4E88-3E02-4743-82C0-8C31D43DF77C}.Debug|Any CPU.Build.0 = Debug|Any CPU
		{6FEA4E88-3E02-4743-82C0-8C31D43DF77C}.Release|Any CPU.ActiveCfg = Release|Any CPU
		{6FEA4E88-3E02-4743-82C0-8C31D43DF77C}.Release|Any CPU.Build.0 = Release|Any CPU
	EndGlobalSection
	GlobalSection(SolutionProperties) = preSolution
		HideSolutionNode = FALSE
	EndGlobalSection
	GlobalSection(ExtensibilityGlobals) = postSolution
		SolutionGuid = {2C0D030C-A592-4A5A-A910-83F9459D10DE}
	EndGlobalSection
EndGlobal
